{
  "version": 4,
  "terraform_version": "1.11.1",
  "serial": 684,
  "lineage": "6609c30c-d033-abfb-cd79-89b3f71c7919",
  "outputs": {},
  "resources": [
    {
      "mode": "managed",
      "type": "ansible_group",
      "name": "manager_group",
      "provider": "provider[\"registry.terraform.io/ansible/ansible\"]",
      "instances": [
        {
          "schema_version": 0,
          "attributes": {
            "children": [
              "manager"
            ],
            "id": "manager_group",
            "name": "manager_group",
            "variables": {
              "ansible_user": "ubuntu"
            }
          },
          "sensitive_attributes": [],
          "private": "bnVsbA=="
        }
      ]
    },
    {
      "mode": "managed",
      "type": "ansible_group",
      "name": "worker_group",
      "provider": "provider[\"registry.terraform.io/ansible/ansible\"]",
      "instances": [
        {
          "schema_version": 0,
          "attributes": {
            "children": [
              "worker"
            ],
            "id": "worker_group",
            "name": "worker_group",
            "variables": {
              "ansible_user": "ubuntu"
            }
          },
          "sensitive_attributes": [],
          "private": "bnVsbA=="
        }
      ]
    },
    {
      "mode": "managed",
      "type": "ansible_host",
      "name": "k8-manager",
      "provider": "provider[\"registry.terraform.io/ansible/ansible\"]",
      "instances": [
        {
          "index_key": 0,
          "schema_version": 0,
          "attributes": {
            "groups": [
              "manager"
            ],
            "id": "k8-manager-0",
            "name": "k8-manager-0",
            "variables": {
              "ansible_host": "158.37.66.164"
            }
          },
          "sensitive_attributes": [],
          "private": "bnVsbA==",
          "dependencies": [
            "openstack_compute_instance_v2.k8-manager"
          ]
        }
      ]
    },
    {
      "mode": "managed",
      "type": "ansible_host",
      "name": "k8-worker",
      "provider": "provider[\"registry.terraform.io/ansible/ansible\"]",
      "instances": [
        {
          "index_key": 0,
          "schema_version": 0,
          "attributes": {
            "groups": [
              "worker"
            ],
            "id": "k8-worker-0",
            "name": "k8-worker-0",
            "variables": {
              "ansible_host": "158.37.66.145"
            }
          },
          "sensitive_attributes": [],
          "private": "bnVsbA==",
          "dependencies": [
            "openstack_compute_instance_v2.k8-worker"
          ]
        },
        {
          "index_key": 1,
          "schema_version": 0,
          "attributes": {
            "groups": [
              "worker"
            ],
            "id": "k8-worker-1",
            "name": "k8-worker-1",
            "variables": {
              "ansible_host": "158.37.66.128"
            }
          },
          "sensitive_attributes": [],
          "private": "bnVsbA==",
          "dependencies": [
            "openstack_compute_instance_v2.k8-worker"
          ]
        },
        {
          "index_key": 2,
          "schema_version": 0,
          "attributes": {
            "groups": [
              "worker"
            ],
            "id": "k8-worker-2",
            "name": "k8-worker-2",
            "variables": {
              "ansible_host": "158.39.75.202"
            }
          },
          "sensitive_attributes": [],
          "private": "bnVsbA==",
          "dependencies": [
            "openstack_compute_instance_v2.k8-worker"
          ]
        },
        {
          "index_key": 3,
          "schema_version": 0,
          "attributes": {
            "groups": [
              "worker"
            ],
            "id": "k8-worker-3",
            "name": "k8-worker-3",
            "variables": {
              "ansible_host": "158.39.75.83"
            }
          },
          "sensitive_attributes": [],
          "private": "bnVsbA==",
          "dependencies": [
            "openstack_compute_instance_v2.k8-worker"
          ]
        },
        {
          "index_key": 4,
          "schema_version": 0,
          "attributes": {
            "groups": [
              "worker"
            ],
            "id": "k8-worker-4",
            "name": "k8-worker-4",
            "variables": {
              "ansible_host": "158.37.66.146"
            }
          },
          "sensitive_attributes": [],
          "private": "bnVsbA==",
          "dependencies": [
            "openstack_compute_instance_v2.k8-worker"
          ]
        },
        {
          "index_key": 5,
          "schema_version": 0,
          "attributes": {
            "groups": [
              "worker"
            ],
            "id": "k8-worker-5",
            "name": "k8-worker-5",
            "variables": {
              "ansible_host": "158.39.75.128"
            }
          },
          "sensitive_attributes": [],
          "private": "bnVsbA==",
          "dependencies": [
            "openstack_compute_instance_v2.k8-worker"
          ]
        },
        {
          "index_key": 6,
          "schema_version": 0,
          "attributes": {
            "groups": [
              "worker"
            ],
            "id": "k8-worker-6",
            "name": "k8-worker-6",
            "variables": {
              "ansible_host": "158.37.66.62"
            }
          },
          "sensitive_attributes": [],
          "private": "bnVsbA==",
          "dependencies": [
            "openstack_compute_instance_v2.k8-worker"
          ]
        }
      ]
    },
    {
      "mode": "managed",
      "type": "openstack_compute_instance_v2",
      "name": "k8-manager",
      "provider": "provider[\"registry.terraform.io/terraform-provider-openstack/openstack\"]",
      "instances": [
        {
          "index_key": 0,
          "schema_version": 0,
          "attributes": {
            "access_ip_v4": "158.37.66.164",
            "access_ip_v6": "[2001:700:2:8200::25b8]",
            "admin_pass": null,
            "all_metadata": {},
            "all_tags": [],
            "availability_zone": "osl-default-1",
            "availability_zone_hints": null,
            "block_device": [],
            "config_drive": null,
            "created": "2025-03-17 14:27:46 +0000 UTC",
            "flavor_id": "348dfae3-bf34-4286-8dd8-b700b25fc109",
            "flavor_name": "m1.large",
            "force_delete": false,
            "id": "706a96fe-1d96-4941-958c-c627cefc9769",
            "image_id": "c2734e95-779b-4bce-9131-90ad591aed21",
            "image_name": "GOLD Ubuntu 22.04 LTS",
            "key_pair": "lorenz_generic",
            "metadata": null,
            "name": "k8-manager-0",
            "network": [
              {
                "access_network": false,
                "fixed_ip_v4": "158.37.66.164",
                "fixed_ip_v6": "[2001:700:2:8200::25b8]",
                "mac": "fa:16:3e:7d:69:27",
                "name": "dualStack",
                "port": "",
                "uuid": "c97fa886-592e-4ad1-a995-6d55651bed78"
              }
            ],
            "network_mode": null,
            "personality": [],
            "power_state": "active",
            "region": "osl",
            "scheduler_hints": [],
            "security_groups": [
              "Kubernetes Control Pane",
              "SSH and ICMP",
              "default"
            ],
            "stop_before_destroy": false,
            "tags": null,
            "timeouts": null,
            "updated": "2025-03-17 14:28:05 +0000 UTC",
            "user_data": null,
            "vendor_options": []
          },
          "sensitive_attributes": [
            [
              {
                "type": "get_attr",
                "value": "admin_pass"
              }
            ]
          ],
          "private": "eyJlMmJmYjczMC1lY2FhLTExZTYtOGY4OC0zNDM2M2JjN2M0YzAiOnsiY3JlYXRlIjoxODAwMDAwMDAwMDAwLCJkZWxldGUiOjE4MDAwMDAwMDAwMDAsInVwZGF0ZSI6MTgwMDAwMDAwMDAwMH19"
        }
      ]
    },
    {
      "mode": "managed",
      "type": "openstack_compute_instance_v2",
      "name": "k8-worker",
      "provider": "provider[\"registry.terraform.io/terraform-provider-openstack/openstack\"]",
      "instances": [
        {
          "index_key": 0,
          "schema_version": 0,
          "attributes": {
            "access_ip_v4": "158.37.66.145",
            "access_ip_v6": "[2001:700:2:8200::27ba]",
            "admin_pass": null,
            "all_metadata": {},
            "all_tags": [],
            "availability_zone": "osl-default-1",
            "availability_zone_hints": null,
            "block_device": [],
            "config_drive": null,
            "created": "2025-03-17 14:27:45 +0000 UTC",
            "flavor_id": "b128b802-3d12-401d-bf51-878122c0e908",
            "flavor_name": "m1.small",
            "force_delete": false,
            "id": "e9fc8297-bb1f-45f2-902b-df1d74b29c67",
            "image_id": "c2734e95-779b-4bce-9131-90ad591aed21",
            "image_name": "GOLD Ubuntu 22.04 LTS",
            "key_pair": "lorenz_generic",
            "metadata": null,
            "name": "k8-worker-0",
            "network": [
              {
                "access_network": false,
                "fixed_ip_v4": "158.37.66.145",
                "fixed_ip_v6": "[2001:700:2:8200::27ba]",
                "mac": "fa:16:3e:cd:f4:2c",
                "name": "dualStack",
                "port": "",
                "uuid": "c97fa886-592e-4ad1-a995-6d55651bed78"
              }
            ],
            "network_mode": null,
            "personality": [],
            "power_state": "active",
            "region": "osl",
            "scheduler_hints": [],
            "security_groups": [
              "SSH and ICMP",
              "default"
            ],
            "stop_before_destroy": false,
            "tags": null,
            "timeouts": null,
            "updated": "2025-03-17 14:28:05 +0000 UTC",
            "user_data": null,
            "vendor_options": []
          },
          "sensitive_attributes": [
            [
              {
                "type": "get_attr",
                "value": "admin_pass"
              }
            ]
          ],
          "private": "eyJlMmJmYjczMC1lY2FhLTExZTYtOGY4OC0zNDM2M2JjN2M0YzAiOnsiY3JlYXRlIjoxODAwMDAwMDAwMDAwLCJkZWxldGUiOjE4MDAwMDAwMDAwMDAsInVwZGF0ZSI6MTgwMDAwMDAwMDAwMH19"
        },
        {
          "index_key": 1,
          "schema_version": 0,
          "attributes": {
            "access_ip_v4": "158.37.66.128",
            "access_ip_v6": "[2001:700:2:8200::2142]",
            "admin_pass": null,
            "all_metadata": {},
            "all_tags": [],
            "availability_zone": "osl-default-1",
            "availability_zone_hints": null,
            "block_device": [],
            "config_drive": null,
            "created": "2025-03-17 14:27:46 +0000 UTC",
            "flavor_id": "b128b802-3d12-401d-bf51-878122c0e908",
            "flavor_name": "m1.small",
            "force_delete": false,
            "id": "e2b25afa-8e73-4eb0-b8f3-50a7b6744f8d",
            "image_id": "c2734e95-779b-4bce-9131-90ad591aed21",
            "image_name": "GOLD Ubuntu 22.04 LTS",
            "key_pair": "lorenz_generic",
            "metadata": null,
            "name": "k8-worker-1",
            "network": [
              {
                "access_network": false,
                "fixed_ip_v4": "158.37.66.128",
                "fixed_ip_v6": "[2001:700:2:8200::2142]",
                "mac": "fa:16:3e:ce:fc:e4",
                "name": "dualStack",
                "port": "",
                "uuid": "c97fa886-592e-4ad1-a995-6d55651bed78"
              }
            ],
            "network_mode": null,
            "personality": [],
            "power_state": "active",
            "region": "osl",
            "scheduler_hints": [],
            "security_groups": [
              "SSH and ICMP",
              "default"
            ],
            "stop_before_destroy": false,
            "tags": null,
            "timeouts": null,
            "updated": "2025-03-17 14:28:05 +0000 UTC",
            "user_data": null,
            "vendor_options": []
          },
          "sensitive_attributes": [
            [
              {
                "type": "get_attr",
                "value": "admin_pass"
              }
            ]
          ],
          "private": "eyJlMmJmYjczMC1lY2FhLTExZTYtOGY4OC0zNDM2M2JjN2M0YzAiOnsiY3JlYXRlIjoxODAwMDAwMDAwMDAwLCJkZWxldGUiOjE4MDAwMDAwMDAwMDAsInVwZGF0ZSI6MTgwMDAwMDAwMDAwMH19"
        },
        {
          "index_key": 2,
          "schema_version": 0,
          "attributes": {
            "access_ip_v4": "158.39.75.202",
            "access_ip_v6": "[2001:700:2:8200::266a]",
            "admin_pass": null,
            "all_metadata": {},
            "all_tags": [],
            "availability_zone": "osl-default-1",
            "availability_zone_hints": null,
            "block_device": [],
            "config_drive": null,
            "created": "2025-03-17 14:27:46 +0000 UTC",
            "flavor_id": "b128b802-3d12-401d-bf51-878122c0e908",
            "flavor_name": "m1.small",
            "force_delete": false,
            "id": "05bd12f7-ab81-4f4d-a22c-c12c34530651",
            "image_id": "c2734e95-779b-4bce-9131-90ad591aed21",
            "image_name": "GOLD Ubuntu 22.04 LTS",
            "key_pair": "lorenz_generic",
            "metadata": null,
            "name": "k8-worker-2",
            "network": [
              {
                "access_network": false,
                "fixed_ip_v4": "158.39.75.202",
                "fixed_ip_v6": "[2001:700:2:8200::266a]",
                "mac": "fa:16:3e:d5:8a:87",
                "name": "dualStack",
                "port": "",
                "uuid": "c97fa886-592e-4ad1-a995-6d55651bed78"
              }
            ],
            "network_mode": null,
            "personality": [],
            "power_state": "active",
            "region": "osl",
            "scheduler_hints": [],
            "security_groups": [
              "SSH and ICMP",
              "default"
            ],
            "stop_before_destroy": false,
            "tags": null,
            "timeouts": null,
            "updated": "2025-03-17 14:28:05 +0000 UTC",
            "user_data": null,
            "vendor_options": []
          },
          "sensitive_attributes": [
            [
              {
                "type": "get_attr",
                "value": "admin_pass"
              }
            ]
          ],
          "private": "eyJlMmJmYjczMC1lY2FhLTExZTYtOGY4OC0zNDM2M2JjN2M0YzAiOnsiY3JlYXRlIjoxODAwMDAwMDAwMDAwLCJkZWxldGUiOjE4MDAwMDAwMDAwMDAsInVwZGF0ZSI6MTgwMDAwMDAwMDAwMH19"
        },
        {
          "index_key": 3,
          "schema_version": 0,
          "attributes": {
            "access_ip_v4": "158.39.75.83",
            "access_ip_v6": "[2001:700:2:8200::2457]",
            "admin_pass": null,
            "all_metadata": {},
            "all_tags": [],
            "availability_zone": "osl-default-1",
            "availability_zone_hints": null,
            "block_device": [],
            "config_drive": null,
            "created": "2025-03-17 14:27:46 +0000 UTC",
            "flavor_id": "b128b802-3d12-401d-bf51-878122c0e908",
            "flavor_name": "m1.small",
            "force_delete": false,
            "id": "b945a70e-f809-4693-80fe-e37601b551d6",
            "image_id": "c2734e95-779b-4bce-9131-90ad591aed21",
            "image_name": "GOLD Ubuntu 22.04 LTS",
            "key_pair": "lorenz_generic",
            "metadata": null,
            "name": "k8-worker-3",
            "network": [
              {
                "access_network": false,
                "fixed_ip_v4": "158.39.75.83",
                "fixed_ip_v6": "[2001:700:2:8200::2457]",
                "mac": "fa:16:3e:35:b3:b6",
                "name": "dualStack",
                "port": "",
                "uuid": "c97fa886-592e-4ad1-a995-6d55651bed78"
              }
            ],
            "network_mode": null,
            "personality": [],
            "power_state": "active",
            "region": "osl",
            "scheduler_hints": [],
            "security_groups": [
              "SSH and ICMP",
              "default"
            ],
            "stop_before_destroy": false,
            "tags": null,
            "timeouts": null,
            "updated": "2025-03-17 14:27:53 +0000 UTC",
            "user_data": null,
            "vendor_options": []
          },
          "sensitive_attributes": [
            [
              {
                "type": "get_attr",
                "value": "admin_pass"
              }
            ]
          ],
          "private": "eyJlMmJmYjczMC1lY2FhLTExZTYtOGY4OC0zNDM2M2JjN2M0YzAiOnsiY3JlYXRlIjoxODAwMDAwMDAwMDAwLCJkZWxldGUiOjE4MDAwMDAwMDAwMDAsInVwZGF0ZSI6MTgwMDAwMDAwMDAwMH19"
        },
        {
          "index_key": 4,
          "schema_version": 0,
          "attributes": {
            "access_ip_v4": "158.37.66.146",
            "access_ip_v6": "[2001:700:2:8200::2607]",
            "admin_pass": null,
            "all_metadata": {},
            "all_tags": [],
            "availability_zone": "osl-default-1",
            "availability_zone_hints": null,
            "block_device": [],
            "config_drive": null,
            "created": "2025-03-17 14:27:46 +0000 UTC",
            "flavor_id": "b128b802-3d12-401d-bf51-878122c0e908",
            "flavor_name": "m1.small",
            "force_delete": false,
            "id": "96702c48-92e9-4f26-a509-fe2f2b01c99b",
            "image_id": "c2734e95-779b-4bce-9131-90ad591aed21",
            "image_name": "GOLD Ubuntu 22.04 LTS",
            "key_pair": "lorenz_generic",
            "metadata": null,
            "name": "k8-worker-4",
            "network": [
              {
                "access_network": false,
                "fixed_ip_v4": "158.37.66.146",
                "fixed_ip_v6": "[2001:700:2:8200::2607]",
                "mac": "fa:16:3e:b8:1f:d7",
                "name": "dualStack",
                "port": "",
                "uuid": "c97fa886-592e-4ad1-a995-6d55651bed78"
              }
            ],
            "network_mode": null,
            "personality": [],
            "power_state": "active",
            "region": "osl",
            "scheduler_hints": [],
            "security_groups": [
              "SSH and ICMP",
              "default"
            ],
            "stop_before_destroy": false,
            "tags": null,
            "timeouts": null,
            "updated": "2025-03-17 14:28:03 +0000 UTC",
            "user_data": null,
            "vendor_options": []
          },
          "sensitive_attributes": [
            [
              {
                "type": "get_attr",
                "value": "admin_pass"
              }
            ]
          ],
          "private": "eyJlMmJmYjczMC1lY2FhLTExZTYtOGY4OC0zNDM2M2JjN2M0YzAiOnsiY3JlYXRlIjoxODAwMDAwMDAwMDAwLCJkZWxldGUiOjE4MDAwMDAwMDAwMDAsInVwZGF0ZSI6MTgwMDAwMDAwMDAwMH19"
        },
        {
          "index_key": 5,
          "schema_version": 0,
          "attributes": {
            "access_ip_v4": "158.39.75.128",
            "access_ip_v6": "[2001:700:2:8200::20f0]",
            "admin_pass": null,
            "all_metadata": {},
            "all_tags": [],
            "availability_zone": "osl-default-1",
            "availability_zone_hints": null,
            "block_device": [],
            "config_drive": null,
            "created": "2025-03-17 14:27:46 +0000 UTC",
            "flavor_id": "b128b802-3d12-401d-bf51-878122c0e908",
            "flavor_name": "m1.small",
            "force_delete": false,
            "id": "5795dca7-15bd-48f3-9717-2ef5880e0836",
            "image_id": "c2734e95-779b-4bce-9131-90ad591aed21",
            "image_name": "GOLD Ubuntu 22.04 LTS",
            "key_pair": "lorenz_generic",
            "metadata": null,
            "name": "k8-worker-5",
            "network": [
              {
                "access_network": false,
                "fixed_ip_v4": "158.39.75.128",
                "fixed_ip_v6": "[2001:700:2:8200::20f0]",
                "mac": "fa:16:3e:5c:0f:fb",
                "name": "dualStack",
                "port": "",
                "uuid": "c97fa886-592e-4ad1-a995-6d55651bed78"
              }
            ],
            "network_mode": null,
            "personality": [],
            "power_state": "active",
            "region": "osl",
            "scheduler_hints": [],
            "security_groups": [
              "SSH and ICMP",
              "default"
            ],
            "stop_before_destroy": false,
            "tags": null,
            "timeouts": null,
            "updated": "2025-03-17 14:27:56 +0000 UTC",
            "user_data": null,
            "vendor_options": []
          },
          "sensitive_attributes": [
            [
              {
                "type": "get_attr",
                "value": "admin_pass"
              }
            ]
          ],
          "private": "eyJlMmJmYjczMC1lY2FhLTExZTYtOGY4OC0zNDM2M2JjN2M0YzAiOnsiY3JlYXRlIjoxODAwMDAwMDAwMDAwLCJkZWxldGUiOjE4MDAwMDAwMDAwMDAsInVwZGF0ZSI6MTgwMDAwMDAwMDAwMH19"
        },
        {
          "index_key": 6,
          "schema_version": 0,
          "attributes": {
            "access_ip_v4": "158.37.66.62",
            "access_ip_v6": "[2001:700:2:8200::2465]",
            "admin_pass": null,
            "all_metadata": {},
            "all_tags": [],
            "availability_zone": "osl-default-1",
            "availability_zone_hints": null,
            "block_device": [],
            "config_drive": null,
            "created": "2025-03-17 14:27:46 +0000 UTC",
            "flavor_id": "b128b802-3d12-401d-bf51-878122c0e908",
            "flavor_name": "m1.small",
            "force_delete": false,
            "id": "3faa6159-46a5-4631-a60e-bc4f9b1c96be",
            "image_id": "c2734e95-779b-4bce-9131-90ad591aed21",
            "image_name": "GOLD Ubuntu 22.04 LTS",
            "key_pair": "lorenz_generic",
            "metadata": null,
            "name": "k8-worker-6",
            "network": [
              {
                "access_network": false,
                "fixed_ip_v4": "158.37.66.62",
                "fixed_ip_v6": "[2001:700:2:8200::2465]",
                "mac": "fa:16:3e:6d:8e:c3",
                "name": "dualStack",
                "port": "",
                "uuid": "c97fa886-592e-4ad1-a995-6d55651bed78"
              }
            ],
            "network_mode": null,
            "personality": [],
            "power_state": "active",
            "region": "osl",
            "scheduler_hints": [],
            "security_groups": [
              "SSH and ICMP",
              "default"
            ],
            "stop_before_destroy": false,
            "tags": null,
            "timeouts": null,
            "updated": "2025-03-17 14:28:05 +0000 UTC",
            "user_data": null,
            "vendor_options": []
          },
          "sensitive_attributes": [
            [
              {
                "type": "get_attr",
                "value": "admin_pass"
              }
            ]
          ],
          "private": "eyJlMmJmYjczMC1lY2FhLTExZTYtOGY4OC0zNDM2M2JjN2M0YzAiOnsiY3JlYXRlIjoxODAwMDAwMDAwMDAwLCJkZWxldGUiOjE4MDAwMDAwMDAwMDAsInVwZGF0ZSI6MTgwMDAwMDAwMDAwMH19"
        }
      ]
    }
  ],
  "check_results": null
}
