{
  "version": 4,
  "terraform_version": "1.10.0",
  "serial": 56,
  "lineage": "6609c30c-d033-abfb-cd79-89b3f71c7919",
  "outputs": {},
  "resources": [
    {
      "mode": "managed",
      "type": "ansible_group",
      "name": "manager_group",
      "provider": "provider[\"registry.terraform.io/ansible/ansible\"]",
      "instances": [
        {
          "schema_version": 0,
          "attributes": {
            "children": [
              "manager"
            ],
            "id": "manager_group",
            "name": "manager_group",
            "variables": {
              "ansible_user": "ubuntu"
            }
          },
          "sensitive_attributes": [],
          "private": "bnVsbA=="
        }
      ]
    },
    {
      "mode": "managed",
      "type": "ansible_group",
      "name": "worker_group",
      "provider": "provider[\"registry.terraform.io/ansible/ansible\"]",
      "instances": [
        {
          "schema_version": 0,
          "attributes": {
            "children": [
              "worker"
            ],
            "id": "worker_group",
            "name": "worker_group",
            "variables": {
              "ansible_user": "ubuntu"
            }
          },
          "sensitive_attributes": [],
          "private": "bnVsbA=="
        }
      ]
    },
    {
      "mode": "managed",
      "type": "ansible_host",
      "name": "k8-manager",
      "provider": "provider[\"registry.terraform.io/ansible/ansible\"]",
      "instances": [
        {
          "index_key": 0,
          "schema_version": 0,
          "attributes": {
            "groups": [
              "manager"
            ],
            "id": "k8-manager-0",
            "name": "k8-manager-0",
            "variables": {
              "ansible_host": "158.39.75.216"
            }
          },
          "sensitive_attributes": [],
          "private": "bnVsbA==",
          "dependencies": [
            "openstack_compute_instance_v2.k8-manager"
          ]
        }
      ]
    },
    {
      "mode": "managed",
      "type": "ansible_host",
      "name": "k8-worker",
      "provider": "provider[\"registry.terraform.io/ansible/ansible\"]",
      "instances": [
        {
          "index_key": 0,
          "schema_version": 0,
          "attributes": {
            "groups": [
              "worker"
            ],
            "id": "k8-worker-0",
            "name": "k8-worker-0",
            "variables": {
              "ansible_host": "158.39.75.140"
            }
          },
          "sensitive_attributes": [],
          "private": "bnVsbA==",
          "dependencies": [
            "openstack_compute_instance_v2.k8-worker"
          ]
        },
        {
          "index_key": 1,
          "schema_version": 0,
          "attributes": {
            "groups": [
              "worker"
            ],
            "id": "k8-worker-1",
            "name": "k8-worker-1",
            "variables": {
              "ansible_host": "158.37.66.16"
            }
          },
          "sensitive_attributes": [],
          "private": "bnVsbA==",
          "dependencies": [
            "openstack_compute_instance_v2.k8-worker"
          ]
        }
      ]
    },
    {
      "mode": "managed",
      "type": "openstack_compute_instance_v2",
      "name": "k8-manager",
      "provider": "provider[\"registry.terraform.io/terraform-provider-openstack/openstack\"]",
      "instances": [
        {
          "index_key": 0,
          "schema_version": 0,
          "attributes": {
            "access_ip_v4": "158.39.75.216",
            "access_ip_v6": "[2001:700:2:8200::2097]",
            "admin_pass": null,
            "all_metadata": {},
            "all_tags": [],
            "availability_zone": "osl-default-1",
            "availability_zone_hints": null,
            "block_device": [],
            "config_drive": null,
            "created": "2025-01-13 11:02:24 +0000 UTC",
            "flavor_id": "348dfae3-bf34-4286-8dd8-b700b25fc109",
            "flavor_name": "m1.large",
            "force_delete": false,
            "id": "1a97dffb-ff6e-4466-ae06-d2724c4ca59d",
            "image_id": "d49bbfdb-498e-441c-aeea-262f016bf485",
            "image_name": "GOLD Ubuntu 20.04 LTS",
            "key_pair": "lorenz_generic",
            "metadata": null,
            "name": "k8-manager-0",
            "network": [
              {
                "access_network": false,
                "fixed_ip_v4": "158.39.75.216",
                "fixed_ip_v6": "[2001:700:2:8200::2097]",
                "mac": "fa:16:3e:0c:bb:04",
                "name": "dualStack",
                "port": "",
                "uuid": "c97fa886-592e-4ad1-a995-6d55651bed78"
              }
            ],
            "network_mode": null,
            "personality": [],
            "power_state": "active",
            "region": "osl",
            "scheduler_hints": [],
            "security_groups": [
              "SSH and ICMP",
              "default"
            ],
            "stop_before_destroy": false,
            "tags": null,
            "timeouts": null,
            "updated": "2025-01-13 11:02:41 +0000 UTC",
            "user_data": null,
            "vendor_options": []
          },
          "sensitive_attributes": [
            [
              {
                "type": "get_attr",
                "value": "admin_pass"
              }
            ]
          ],
          "private": "eyJlMmJmYjczMC1lY2FhLTExZTYtOGY4OC0zNDM2M2JjN2M0YzAiOnsiY3JlYXRlIjoxODAwMDAwMDAwMDAwLCJkZWxldGUiOjE4MDAwMDAwMDAwMDAsInVwZGF0ZSI6MTgwMDAwMDAwMDAwMH19"
        }
      ]
    },
    {
      "mode": "managed",
      "type": "openstack_compute_instance_v2",
      "name": "k8-worker",
      "provider": "provider[\"registry.terraform.io/terraform-provider-openstack/openstack\"]",
      "instances": [
        {
          "index_key": 0,
          "schema_version": 0,
          "attributes": {
            "access_ip_v4": "158.39.75.140",
            "access_ip_v6": "[2001:700:2:8200::2298]",
            "admin_pass": null,
            "all_metadata": {},
            "all_tags": [],
            "availability_zone": "osl-default-1",
            "availability_zone_hints": null,
            "block_device": [],
            "config_drive": null,
            "created": "2025-01-13 11:02:24 +0000 UTC",
            "flavor_id": "b128b802-3d12-401d-bf51-878122c0e908",
            "flavor_name": "m1.small",
            "force_delete": false,
            "id": "348476f8-b450-4de7-952a-c541bf58dc9e",
            "image_id": "d49bbfdb-498e-441c-aeea-262f016bf485",
            "image_name": "GOLD Ubuntu 20.04 LTS",
            "key_pair": "lorenz_generic",
            "metadata": null,
            "name": "k8-worker-0",
            "network": [
              {
                "access_network": false,
                "fixed_ip_v4": "158.39.75.140",
                "fixed_ip_v6": "[2001:700:2:8200::2298]",
                "mac": "fa:16:3e:26:66:e1",
                "name": "dualStack",
                "port": "",
                "uuid": "c97fa886-592e-4ad1-a995-6d55651bed78"
              }
            ],
            "network_mode": null,
            "personality": [],
            "power_state": "active",
            "region": "osl",
            "scheduler_hints": [],
            "security_groups": [
              "SSH and ICMP",
              "default"
            ],
            "stop_before_destroy": false,
            "tags": null,
            "timeouts": null,
            "updated": "2025-01-13 11:02:39 +0000 UTC",
            "user_data": null,
            "vendor_options": []
          },
          "sensitive_attributes": [
            [
              {
                "type": "get_attr",
                "value": "admin_pass"
              }
            ]
          ],
          "private": "eyJlMmJmYjczMC1lY2FhLTExZTYtOGY4OC0zNDM2M2JjN2M0YzAiOnsiY3JlYXRlIjoxODAwMDAwMDAwMDAwLCJkZWxldGUiOjE4MDAwMDAwMDAwMDAsInVwZGF0ZSI6MTgwMDAwMDAwMDAwMH19"
        },
        {
          "index_key": 1,
          "schema_version": 0,
          "attributes": {
            "access_ip_v4": "158.37.66.16",
            "access_ip_v6": "[2001:700:2:8200::26bb]",
            "admin_pass": null,
            "all_metadata": {},
            "all_tags": [],
            "availability_zone": "osl-default-1",
            "availability_zone_hints": null,
            "block_device": [],
            "config_drive": null,
            "created": "2025-01-13 11:02:24 +0000 UTC",
            "flavor_id": "b128b802-3d12-401d-bf51-878122c0e908",
            "flavor_name": "m1.small",
            "force_delete": false,
            "id": "692be82a-134c-4618-a901-fb3b8ba0fc60",
            "image_id": "d49bbfdb-498e-441c-aeea-262f016bf485",
            "image_name": "GOLD Ubuntu 20.04 LTS",
            "key_pair": "lorenz_generic",
            "metadata": null,
            "name": "k8-worker-1",
            "network": [
              {
                "access_network": false,
                "fixed_ip_v4": "158.37.66.16",
                "fixed_ip_v6": "[2001:700:2:8200::26bb]",
                "mac": "fa:16:3e:e4:8b:ac",
                "name": "dualStack",
                "port": "",
                "uuid": "c97fa886-592e-4ad1-a995-6d55651bed78"
              }
            ],
            "network_mode": null,
            "personality": [],
            "power_state": "active",
            "region": "osl",
            "scheduler_hints": [],
            "security_groups": [
              "SSH and ICMP",
              "default"
            ],
            "stop_before_destroy": false,
            "tags": null,
            "timeouts": null,
            "updated": "2025-01-13 11:02:41 +0000 UTC",
            "user_data": null,
            "vendor_options": []
          },
          "sensitive_attributes": [
            [
              {
                "type": "get_attr",
                "value": "admin_pass"
              }
            ]
          ],
          "private": "eyJlMmJmYjczMC1lY2FhLTExZTYtOGY4OC0zNDM2M2JjN2M0YzAiOnsiY3JlYXRlIjoxODAwMDAwMDAwMDAwLCJkZWxldGUiOjE4MDAwMDAwMDAwMDAsInVwZGF0ZSI6MTgwMDAwMDAwMDAwMH19"
        }
      ]
    }
  ],
  "check_results": null
}
